
Microsoft Visual Studio Solution File, Format Version 12.00
# Visual Studio Version 17
VisualStudioVersion = 17.3.32929.385
MinimumVisualStudioVersion = 10.0.40219.1
Project("{9A19103F-16F7-4668-BE54-9A1E7A4F7556}") = "Recipes.UI", "Recipes.UI\Recipes.UI.csproj", "{62ABE1FD-798D-4973-A707-F3C4E55D2A44}"
EndProject
Project("{9A19103F-16F7-4668-BE54-9A1E7A4F7556}") = "Recipes.Core", "Recipes.Core\Recipes.Core.csproj", "{B37FAB66-CA4D-46C0-B04B-471BA7BEB7AB}"
EndProject
Project("{9A19103F-16F7-4668-BE54-9A1E7A4F7556}") = "Recipes.Repos", "Recipes.Repos\Recipes.Repos.csproj", "{CAADFE38-91D4-427E-B7C7-AD4D0796BE47}"
EndProject
Project("{FAE04EC0-301F-11D3-BF4B-00C04F79EFBC}") = "BlazorApp1.Server", "BlazorApp1\Server\BlazorApp1.Server.csproj", "{4811D1FE-D903-404F-BAD5-BA6224919511}"
EndProject
Project("{FAE04EC0-301F-11D3-BF4B-00C04F79EFBC}") = "BlazorApp1.Client", "BlazorApp1\Client\BlazorApp1.Client.csproj", "{F97161A8-F47F-461C-819F-F79B36407B40}"
EndProject
Project("{FAE04EC0-301F-11D3-BF4B-00C04F79EFBC}") = "BlazorApp1.Shared", "BlazorApp1\Shared\BlazorApp1.Shared.csproj", "{77FAB8E5-C7EE-45CB-8C64-E60A7F780865}"
EndProject
Project("{2150E333-8FDC-42A3-9474-1A3956D46DE8}") = "BlazorApi", "BlazorApi", "{B5BC44E5-C3E3-4C4C-998D-74E63AC69639}"
EndProject
Project("{2150E333-8FDC-42A3-9474-1A3956D46DE8}") = "Client", "Client", "{0EECD36E-0C6A-441E-80C3-C53D942DA6FF}"
EndProject
Project("{2150E333-8FDC-42A3-9474-1A3956D46DE8}") = "Server", "Server", "{061535BB-2055-4B90-A6AD-26FDCCE76ED3}"
EndProject
Project("{2150E333-8FDC-42A3-9474-1A3956D46DE8}") = "Shared", "Shared", "{3703E027-00D7-4C4D-A08D-1C7B4636F873}"
EndProject
Global
	GlobalSection(SolutionConfigurationPlatforms) = preSolution
		Debug|Any CPU = Debug|Any CPU
		Release|Any CPU = Release|Any CPU
	EndGlobalSection
	GlobalSection(ProjectConfigurationPlatforms) = postSolution
		{62ABE1FD-798D-4973-A707-F3C4E55D2A44}.Debug|Any CPU.ActiveCfg = Debug|Any CPU
		{62ABE1FD-798D-4973-A707-F3C4E55D2A44}.Debug|Any CPU.Build.0 = Debug|Any CPU
		{62ABE1FD-798D-4973-A707-F3C4E55D2A44}.Release|Any CPU.ActiveCfg = Release|Any CPU
		{62ABE1FD-798D-4973-A707-F3C4E55D2A44}.Release|Any CPU.Build.0 = Release|Any CPU
		{B37FAB66-CA4D-46C0-B04B-471BA7BEB7AB}.Debug|Any CPU.ActiveCfg = Debug|Any CPU
		{B37FAB66-CA4D-46C0-B04B-471BA7BEB7AB}.Debug|Any CPU.Build.0 = Debug|Any CPU
		{B37FAB66-CA4D-46C0-B04B-471BA7BEB7AB}.Release|Any CPU.ActiveCfg = Release|Any CPU
		{B37FAB66-CA4D-46C0-B04B-471BA7BEB7AB}.Release|Any CPU.Build.0 = Release|Any CPU
		{CAADFE38-91D4-427E-B7C7-AD4D0796BE47}.Debug|Any CPU.ActiveCfg = Debug|Any CPU
		{CAADFE38-91D4-427E-B7C7-AD4D0796BE47}.Debug|Any CPU.Build.0 = Debug|Any CPU
		{CAADFE38-91D4-427E-B7C7-AD4D0796BE47}.Release|Any CPU.ActiveCfg = Release|Any CPU
		{CAADFE38-91D4-427E-B7C7-AD4D0796BE47}.Release|Any CPU.Build.0 = Release|Any CPU
		{4811D1FE-D903-404F-BAD5-BA6224919511}.Debug|Any CPU.ActiveCfg = Debug|Any CPU
		{4811D1FE-D903-404F-BAD5-BA6224919511}.Debug|Any CPU.Build.0 = Debug|Any CPU
		{4811D1FE-D903-404F-BAD5-BA6224919511}.Release|Any CPU.ActiveCfg = Release|Any CPU
		{4811D1FE-D903-404F-BAD5-BA6224919511}.Release|Any CPU.Build.0 = Release|Any CPU
		{F97161A8-F47F-461C-819F-F79B36407B40}.Debug|Any CPU.ActiveCfg = Debug|Any CPU
		{F97161A8-F47F-461C-819F-F79B36407B40}.Debug|Any CPU.Build.0 = Debug|Any CPU
		{F97161A8-F47F-461C-819F-F79B36407B40}.Release|Any CPU.ActiveCfg = Release|Any CPU
		{F97161A8-F47F-461C-819F-F79B36407B40}.Release|Any CPU.Build.0 = Release|Any CPU
		{77FAB8E5-C7EE-45CB-8C64-E60A7F780865}.Debug|Any CPU.ActiveCfg = Debug|Any CPU
		{77FAB8E5-C7EE-45CB-8C64-E60A7F780865}.Debug|Any CPU.Build.0 = Debug|Any CPU
		{77FAB8E5-C7EE-45CB-8C64-E60A7F780865}.Release|Any CPU.ActiveCfg = Release|Any CPU
		{77FAB8E5-C7EE-45CB-8C64-E60A7F780865}.Release|Any CPU.Build.0 = Release|Any CPU
	EndGlobalSection
	GlobalSection(SolutionProperties) = preSolution
		HideSolutionNode = FALSE
	EndGlobalSection
	GlobalSection(NestedProjects) = preSolution
		{B37FAB66-CA4D-46C0-B04B-471BA7BEB7AB} = {061535BB-2055-4B90-A6AD-26FDCCE76ED3}
		{CAADFE38-91D4-427E-B7C7-AD4D0796BE47} = {061535BB-2055-4B90-A6AD-26FDCCE76ED3}
		{4811D1FE-D903-404F-BAD5-BA6224919511} = {061535BB-2055-4B90-A6AD-26FDCCE76ED3}
		{F97161A8-F47F-461C-819F-F79B36407B40} = {0EECD36E-0C6A-441E-80C3-C53D942DA6FF}
		{77FAB8E5-C7EE-45CB-8C64-E60A7F780865} = {3703E027-00D7-4C4D-A08D-1C7B4636F873}
		{0EECD36E-0C6A-441E-80C3-C53D942DA6FF} = {B5BC44E5-C3E3-4C4C-998D-74E63AC69639}
		{061535BB-2055-4B90-A6AD-26FDCCE76ED3} = {B5BC44E5-C3E3-4C4C-998D-74E63AC69639}
		{3703E027-00D7-4C4D-A08D-1C7B4636F873} = {B5BC44E5-C3E3-4C4C-998D-74E63AC69639}
	EndGlobalSection
	GlobalSection(ExtensibilityGlobals) = postSolution
		SolutionGuid = {16AEBB47-9C5B-4519-8F27-975F3371684F}
	EndGlobalSection
EndGlobal
